
Microsoft Visual Studio Solution File, Format Version 12.00
# Visual Studio 15
VisualStudioVersion = 15.0.27703.2035
MinimumVisualStudioVersion = 10.0.40219.1
Project("{FAE04EC0-301F-11D3-BF4B-00C04F79EFBC}") = "EDB", "EDB\EDB.csproj", "{6929F85E-966F-4278-8598-5F790142E516}"
EndProject
Global
	GlobalSection(SolutionConfigurationPlatforms) = preSolution
		Debug|Any CPU = Debug|Any CPU
		Release|Any CPU = Release|Any CPU
	EndGlobalSection
	GlobalSection(ProjectConfigurationPlatforms) = postSolution
		{6929F85E-966F-4278-8598-5F790142E516}.Debug|Any CPU.ActiveCfg = Debug|Any CPU
		{6929F85E-966F-4278-8598-5F790142E516}.Debug|Any CPU.Build.0 = Debug|Any CPU
		{6929F85E-966F-4278-8598-5F790142E516}.Release|Any CPU.ActiveCfg = Release|Any CPU
		{6929F85E-966F-4278-8598-5F790142E516}.Release|Any CPU.Build.0 = Release|Any CPU
	EndGlobalSection
	GlobalSection(SolutionProperties) = preSolution
		HideSolutionNode = FALSE
	EndGlobalSection
	GlobalSection(ExtensibilityGlobals) = postSolution
		SolutionGuid = {89FFFE4D-25DF-4039-8FC2-C23CBC77EF07}
	EndGlobalSection
EndGlobal
